
Microsoft Visual Studio Solution File, Format Version 12.00
# Visual Studio Version 17
VisualStudioVersion = 17.10.35122.118
MinimumVisualStudioVersion = 10.0.40219.1
Project("{FAE04EC0-301F-11D3-BF4B-00C04F79EFBC}") = "AutoInventoryPro.Controller", "AutoInventoryPro.Controller\AutoInventoryPro.Controller.csproj", "{F1ED43E1-FD3F-4446-81D1-FEB9C72F166A}"
EndProject
Global
	GlobalSection(SolutionConfigurationPlatforms) = preSolution
		Debug|Any CPU = Debug|Any CPU
		Release|Any CPU = Release|Any CPU
	EndGlobalSection
	GlobalSection(ProjectConfigurationPlatforms) = postSolution
		{F1ED43E1-FD3F-4446-81D1-FEB9C72F166A}.Debug|Any CPU.ActiveCfg = Debug|Any CPU
		{F1ED43E1-FD3F-4446-81D1-FEB9C72F166A}.Debug|Any CPU.Build.0 = Debug|Any CPU
		{F1ED43E1-FD3F-4446-81D1-FEB9C72F166A}.Release|Any CPU.ActiveCfg = Release|Any CPU
		{F1ED43E1-FD3F-4446-81D1-FEB9C72F166A}.Release|Any CPU.Build.0 = Release|Any CPU
	EndGlobalSection
	GlobalSection(SolutionProperties) = preSolution
		HideSolutionNode = FALSE
	EndGlobalSection
	GlobalSection(ExtensibilityGlobals) = postSolution
		SolutionGuid = {DE28572A-D0F5-4626-A793-1EEDC4CCA882}
	EndGlobalSection
EndGlobal
